
Microsoft Visual Studio Solution File, Format Version 12.00
# Visual Studio Version 16
VisualStudioVersion = 16.0.810.23
MinimumVisualStudioVersion = 10.0.40219.1
Project("{FAE04EC0-301F-11D3-BF4B-00C04F79EFBC}") = "WebApi.Auth", "WebApi.Auth\WebApi.Auth.csproj", "{961FFFED-B001-480B-9457-F082D5510A9F}"
EndProject
Global
	GlobalSection(SolutionConfigurationPlatforms) = preSolution
		Debug|Any CPU = Debug|Any CPU
		Release|Any CPU = Release|Any CPU
	EndGlobalSection
	GlobalSection(ProjectConfigurationPlatforms) = postSolution
		{961FFFED-B001-480B-9457-F082D5510A9F}.Debug|Any CPU.ActiveCfg = Debug|Any CPU
		{961FFFED-B001-480B-9457-F082D5510A9F}.Debug|Any CPU.Build.0 = Debug|Any CPU
		{961FFFED-B001-480B-9457-F082D5510A9F}.Release|Any CPU.ActiveCfg = Release|Any CPU
		{961FFFED-B001-480B-9457-F082D5510A9F}.Release|Any CPU.Build.0 = Release|Any CPU
	EndGlobalSection
	GlobalSection(SolutionProperties) = preSolution
		HideSolutionNode = FALSE
	EndGlobalSection
	GlobalSection(ExtensibilityGlobals) = postSolution
		SolutionGuid = {18BC00B6-94C4-4AB7-949C-DE1CF4B53213}
	EndGlobalSection
EndGlobal
